
Microsoft Visual Studio Solution File, Format Version 12.00
# Visual Studio 15
VisualStudioVersion = 15.0.26730.8
MinimumVisualStudioVersion = 10.0.40219.1
Project("{FAE04EC0-301F-11D3-BF4B-00C04F79EFBC}") = "Domain", "Client\Domain.csproj", "{5638C1E0-039A-4D31-B07C-87693F3F2AEB}"
EndProject
Project("{FAE04EC0-301F-11D3-BF4B-00C04F79EFBC}") = "Utilities", "Utilities\Utilities.csproj", "{1F565456-C55F-4408-A59B-E34D422CFC5F}"
EndProject
Project("{FAE04EC0-301F-11D3-BF4B-00C04F79EFBC}") = "UI", "UI\UI.csproj", "{B4108C3F-DB15-4323-9E29-E2F7AEBEE3DC}"
EndProject
Global
	GlobalSection(SolutionConfigurationPlatforms) = preSolution
		Debug|Any CPU = Debug|Any CPU
		Release|Any CPU = Release|Any CPU
	EndGlobalSection
	GlobalSection(ProjectConfigurationPlatforms) = postSolution
		{5638C1E0-039A-4D31-B07C-87693F3F2AEB}.Debug|Any CPU.ActiveCfg = Debug|Any CPU
		{5638C1E0-039A-4D31-B07C-87693F3F2AEB}.Debug|Any CPU.Build.0 = Debug|Any CPU
		{5638C1E0-039A-4D31-B07C-87693F3F2AEB}.Release|Any CPU.ActiveCfg = Release|Any CPU
		{5638C1E0-039A-4D31-B07C-87693F3F2AEB}.Release|Any CPU.Build.0 = Release|Any CPU
		{1F565456-C55F-4408-A59B-E34D422CFC5F}.Debug|Any CPU.ActiveCfg = Debug|Any CPU
		{1F565456-C55F-4408-A59B-E34D422CFC5F}.Debug|Any CPU.Build.0 = Debug|Any CPU
		{1F565456-C55F-4408-A59B-E34D422CFC5F}.Release|Any CPU.ActiveCfg = Release|Any CPU
		{1F565456-C55F-4408-A59B-E34D422CFC5F}.Release|Any CPU.Build.0 = Release|Any CPU
		{B4108C3F-DB15-4323-9E29-E2F7AEBEE3DC}.Debug|Any CPU.ActiveCfg = Debug|Any CPU
		{B4108C3F-DB15-4323-9E29-E2F7AEBEE3DC}.Debug|Any CPU.Build.0 = Debug|Any CPU
		{B4108C3F-DB15-4323-9E29-E2F7AEBEE3DC}.Release|Any CPU.ActiveCfg = Release|Any CPU
		{B4108C3F-DB15-4323-9E29-E2F7AEBEE3DC}.Release|Any CPU.Build.0 = Release|Any CPU
	EndGlobalSection
	GlobalSection(SolutionProperties) = preSolution
		HideSolutionNode = FALSE
	EndGlobalSection
	GlobalSection(ExtensibilityGlobals) = postSolution
		SolutionGuid = {86C7F759-FED1-4CF5-8D32-A9EFBC2AD00B}
	EndGlobalSection
EndGlobal
